// !$*UTF8*$!
{
	archiveVersion = 1;
	classes = {
	};
	objectVersion = 46;
	objects = {

/* Begin PBXBuildFile section */
		134948BB7F3482BD5286561A /* Pods_firebase_sort_data.framework in Frameworks */ = {isa = PBXBuildFile; fileRef = 38F54FAF07A923ECDFDA743D /* Pods_firebase_sort_data.framework */; };
		EEB76B0E1F1AA6F50093FE3D /* AppDelegate.swift in Sources */ = {isa = PBXBuildFile; fileRef = EEB76B0D1F1AA6F50093FE3D /* AppDelegate.swift */; };
		EEB76B101F1AA6F50093FE3D /* ViewController.swift in Sources */ = {isa = PBXBuildFile; fileRef = EEB76B0F1F1AA6F50093FE3D /* ViewController.swift */; };
		EEB76B131F1AA6F60093FE3D /* Main.storyboard in Resources */ = {isa = PBXBuildFile; fileRef = EEB76B111F1AA6F60093FE3D /* Main.storyboard */; };
		EEB76B151F1AA6F60093FE3D /* Assets.xcassets in Resources */ = {isa = PBXBuildFile; fileRef = EEB76B141F1AA6F60093FE3D /* Assets.xcassets */; };
		EEB76B181F1AA6F60093FE3D /* LaunchScreen.storyboard in Resources */ = {isa = PBXBuildFile; fileRef = EEB76B161F1AA6F60093FE3D /* LaunchScreen.storyboard */; };
		EEB76B201F1AA9EB0093FE3D /* MessageCell.swift in Sources */ = {isa = PBXBuildFile; fileRef = EEB76B1F1F1AA9EB0093FE3D /* MessageCell.swift */; };
		EEB76B221F1AAAE90093FE3D /* GoogleService-Info.plist in Resources */ = {isa = PBXBuildFile; fileRef = EEB76B211F1AAAE90093FE3D /* GoogleService-Info.plist */; };
/* End PBXBuildFile section */

/* Begin PBXFileReference section */
		38F54FAF07A923ECDFDA743D /* Pods_firebase_sort_data.framework */ = {isa = PBXFileReference; explicitFileType = wrapper.framework; includeInIndex = 0; path = Pods_firebase_sort_data.framework; sourceTree = BUILT_PRODUCTS_DIR; };
		442230F2BED9ADBCE7736766 /* Pods-firebase-sort-data.debug.xcconfig */ = {isa = PBXFileReference; includeInIndex = 1; lastKnownFileType = text.xcconfig; name = "Pods-firebase-sort-data.debug.xcconfig"; path = "Pods/Target Support Files/Pods-firebase-sort-data/Pods-firebase-sort-data.debug.xcconfig"; sourceTree = "<group>"; };
		EA81BF7D93FCB11BD49AA1A3 /* Pods-firebase-sort-data.release.xcconfig */ = {isa = PBXFileReference; includeInIndex = 1; lastKnownFileType = text.xcconfig; name = "Pods-firebase-sort-data.release.xcconfig"; path = "Pods/Target Support Files/Pods-firebase-sort-data/Pods-firebase-sort-data.release.xcconfig"; sourceTree = "<group>"; };
		EEB76B0A1F1AA6F50093FE3D /* firebase-sort-data.app */ = {isa = PBXFileReference; explicitFileType = wrapper.application; includeInIndex = 0; path = "firebase-sort-data.app"; sourceTree = BUILT_PRODUCTS_DIR; };
		EEB76B0D1F1AA6F50093FE3D /* AppDelegate.swift */ = {isa = PBXFileReference; lastKnownFileType = sourcecode.swift; path = AppDelegate.swift; sourceTree = "<group>"; };
		EEB76B0F1F1AA6F50093FE3D /* ViewController.swift */ = {isa = PBXFileReference; lastKnownFileType = sourcecode.swift; path = ViewController.swift; sourceTree = "<group>"; };
		EEB76B121F1AA6F60093FE3D /* Base */ = {isa = PBXFileReference; lastKnownFileType = file.storyboard; name = Base; path = Base.lproj/Main.storyboard; sourceTree = "<group>"; };
		EEB76B141F1AA6F60093FE3D /* Assets.xcassets */ = {isa = PBXFileReference; lastKnownFileType = folder.assetcatalog; path = Assets.xcassets; sourceTree = "<group>"; };
		EEB76B171F1AA6F60093FE3D /* Base */ = {isa = PBXFileReference; lastKnownFileType = file.storyboard; name = Base; path = Base.lproj/LaunchScreen.storyboard; sourceTree = "<group>"; };
		EEB76B191F1AA6F60093FE3D /* Info.plist */ = {isa = PBXFileReference; lastKnownFileType = text.plist.xml; path = Info.plist; sourceTree = "<group>"; };
		EEB76B1F1F1AA9EB0093FE3D /* MessageCell.swift */ = {isa = PBXFileReference; fileEncoding = 4; lastKnownFileType = sourcecode.swift; path = MessageCell.swift; sourceTree = "<group>"; };
		EEB76B211F1AAAE90093FE3D /* GoogleService-Info.plist */ = {isa = PBXFileReference; fileEncoding = 4; lastKnownFileType = text.plist.xml; path = "GoogleService-Info.plist"; sourceTree = "<group>"; };
/* End PBXFileReference section */

/* Begin PBXFrameworksBuildPhase section */
		EEB76B071F1AA6F50093FE3D /* Frameworks */ = {
			isa = PBXFrameworksBuildPhase;
			buildActionMask = 2147483647;
			files = (
				134948BB7F3482BD5286561A /* Pods_firebase_sort_data.framework in Frameworks */,
			);
			runOnlyForDeploymentPostprocessing = 0;
		};
/* End PBXFrameworksBuildPhase section */

/* Begin PBXGroup section */
		291DA9ED5701C7B025753C1B /* Frameworks */ = {
			isa = PBXGroup;
			children = (
				38F54FAF07A923ECDFDA743D /* Pods_firebase_sort_data.framework */,
			);
			name = Frameworks;
			sourceTree = "<group>";
		};
		7D9213B5AA62F8DD6E8A8D8A /* Pods */ = {
			isa = PBXGroup;
			children = (
				442230F2BED9ADBCE7736766 /* Pods-firebase-sort-data.debug.xcconfig */,
				EA81BF7D93FCB11BD49AA1A3 /* Pods-firebase-sort-data.release.xcconfig */,
			);
			name = Pods;
			sourceTree = "<group>";
		};
		EEB76B011F1AA6F50093FE3D = {
			isa = PBXGroup;
			children = (
				EEB76B0C1F1AA6F50093FE3D /* firebase-sort-data */,
				EEB76B0B1F1AA6F50093FE3D /* Products */,
				7D9213B5AA62F8DD6E8A8D8A /* Pods */,
				291DA9ED5701C7B025753C1B /* Frameworks */,
			);
			sourceTree = "<group>";
		};
		EEB76B0B1F1AA6F50093FE3D /* Products */ = {
			isa = PBXGroup;
			children = (
				EEB76B0A1F1AA6F50093FE3D /* firebase-sort-data.app */,
			);
			name = Products;
			sourceTree = "<group>";
		};
		EEB76B0C1F1AA6F50093FE3D /* firebase-sort-data */ = {
			isa = PBXGroup;
			children = (
				EEB76B0D1F1AA6F50093FE3D /* AppDelegate.swift */,
				EEB76B0F1F1AA6F50093FE3D /* ViewController.swift */,
				EEB76B111F1AA6F60093FE3D /* Main.storyboard */,
				EEB76B141F1AA6F60093FE3D /* Assets.xcassets */,
				EEB76B161F1AA6F60093FE3D /* LaunchScreen.storyboard */,
				EEB76B191F1AA6F60093FE3D /* Info.plist */,
				EEB76B211F1AAAE90093FE3D /* GoogleService-Info.plist */,
				EEB76B1F1F1AA9EB0093FE3D /* MessageCell.swift */,
			);
			path = "firebase-sort-data";
			sourceTree = "<group>";
		};
/* End PBXGroup section */

/* Begin PBXNativeTarget section */
		EEB76B091F1AA6F50093FE3D /* firebase-sort-data */ = {
			isa = PBXNativeTarget;
			buildConfigurationList = EEB76B1C1F1AA6F60093FE3D /* Build configuration list for PBXNativeTarget "firebase-sort-data" */;
			buildPhases = (
				19627E4769E12788CD68F86A /* [CP] Check Pods Manifest.lock */,
				EEB76B061F1AA6F50093FE3D /* Sources */,
				EEB76B071F1AA6F50093FE3D /* Frameworks */,
				EEB76B081F1AA6F50093FE3D /* Resources */,
				C48932E5459A43584B2F620B /* [CP] Embed Pods Frameworks */,
				5C086D2DA37F84A368E78950 /* [CP] Copy Pods Resources */,
			);
			buildRules = (
			);
			dependencies = (
			);
			name = "firebase-sort-data";
			productName = "firebase-sort-data";
			productReference = EEB76B0A1F1AA6F50093FE3D /* firebase-sort-data.app */;
			productType = "com.apple.product-type.application";
		};
/* End PBXNativeTarget section */

/* Begin PBXProject section */
		EEB76B021F1AA6F50093FE3D /* Project object */ = {
			isa = PBXProject;
			attributes = {
				LastSwiftUpdateCheck = 0830;
				LastUpgradeCheck = 0830;
				ORGANIZATIONNAME = "Matthew Tripodi";
				TargetAttributes = {
					EEB76B091F1AA6F50093FE3D = {
						CreatedOnToolsVersion = 8.3.3;
						DevelopmentTeam = J5P95JSAVD;
						ProvisioningStyle = Automatic;
					};
				};
			};
			buildConfigurationList = EEB76B051F1AA6F50093FE3D /* Build configuration list for PBXProject "firebase-sort-data" */;
			compatibilityVersion = "Xcode 3.2";
			developmentRegion = English;
			hasScannedForEncodings = 0;
			knownRegions = (
				en,
				Base,
			);
			mainGroup = EEB76B011F1AA6F50093FE3D;
			productRefGroup = EEB76B0B1F1AA6F50093FE3D /* Products */;
			projectDirPath = "";
			projectRoot = "";
			targets = (
				EEB76B091F1AA6F50093FE3D /* firebase-sort-data */,
			);
		};
/* End PBXProject section */

/* Begin PBXResourcesBuildPhase section */
		EEB76B081F1AA6F50093FE3D /* Resources */ = {
			isa = PBXResourcesBuildPhase;
			buildActionMask = 2147483647;
			files = (
				EEB76B181F1AA6F60093FE3D /* LaunchScreen.storyboard in Resources */,
				EEB76B151F1AA6F60093FE3D /* Assets.xcassets in Resources */,
				EEB76B131F1AA6F60093FE3D /* Main.storyboard in Resources */,
				EEB76B221F1AAAE90093FE3D /* GoogleService-Info.plist in Resources */,
			);
			runOnlyForDeploymentPostprocessing = 0;
		};
/* End PBXResourcesBuildPhase section */

/* Begin PBXShellScriptBuildPhase section */
		19627E4769E12788CD68F86A /* [CP] Check Pods Manifest.lock */ = {
			isa = PBXShellScriptBuildPhase;
			buildActionMask = 2147483647;
			files = (
			);
			inputPaths = (
			);
			name = "[CP] Check Pods Manifest.lock";
			outputPaths = (
			);
			runOnlyForDeploymentPostprocessing = 0;
			shellPath = /bin/sh;
			shellScript = "diff \"${PODS_PODFILE_DIR_PATH}/Podfile.lock\" \"${PODS_ROOT}/Manifest.lock\" > /dev/null\nif [ $? != 0 ] ; then\n    # print error to STDERR\n    echo \"error: The sandbox is not in sync with the Podfile.lock. Run 'pod install' or update your CocoaPods installation.\" >&2\n    exit 1\nfi\n";
			showEnvVarsInLog = 0;
		};
		5C086D2DA37F84A368E78950 /* [CP] Copy Pods Resources */ = {
			isa = PBXShellScriptBuildPhase;
			buildActionMask = 2147483647;
			files = (
			);
			inputPaths = (
			);
			name = "[CP] Copy Pods Resources";
			outputPaths = (
			);
			runOnlyForDeploymentPostprocessing = 0;
			shellPath = /bin/sh;
			shellScript = "\"${SRCROOT}/Pods/Target Support Files/Pods-firebase-sort-data/Pods-firebase-sort-data-resources.sh\"\n";
			showEnvVarsInLog = 0;
		};
		C48932E5459A43584B2F620B /* [CP] Embed Pods Frameworks */ = {
			isa = PBXShellScriptBuildPhase;
			buildActionMask = 2147483647;
			files = (
			);
			inputPaths = (
			);
			name = "[CP] Embed Pods Frameworks";
			outputPaths = (
			);
			runOnlyForDeploymentPostprocessing = 0;
			shellPath = /bin/sh;
			shellScript = "\"${SRCROOT}/Pods/Target Support Files/Pods-firebase-sort-data/Pods-firebase-sort-data-frameworks.sh\"\n";
			showEnvVarsInLog = 0;
		};
/* End PBXShellScriptBuildPhase section */

/* Begin PBXSourcesBuildPhase section */
		EEB76B061F1AA6F50093FE3D /* Sources */ = {
			isa = PBXSourcesBuildPhase;
			buildActionMask = 2147483647;
			files = (
				EEB76B101F1AA6F50093FE3D /* ViewController.swift in Sources */,
				EEB76B0E1F1AA6F50093FE3D /* AppDelegate.swift in Sources */,
				EEB76B201F1AA9EB0093FE3D /* MessageCell.swift in Sources */,
			);
			runOnlyForDeploymentPostprocessing = 0;
		};
/* End PBXSourcesBuildPhase section */

/* Begin PBXVariantGroup section */
		EEB76B111F1AA6F60093FE3D /* Main.storyboard */ = {
			isa = PBXVariantGroup;
			children = (
				EEB76B121F1AA6F60093FE3D /* Base */,
			);
			name = Main.storyboard;
			sourceTree = "<group>";
		};
		EEB76B161F1AA6F60093FE3D /* LaunchScreen.storyboard */ = {
			isa = PBXVariantGroup;
			children = (
				EEB76B171F1AA6F60093FE3D /* Base */,
			);
			name = LaunchScreen.storyboard;
			sourceTree = "<group>";
		};
/* End PBXVariantGroup section */

/* Begin XCBuildConfiguration section */
		EEB76B1A1F1AA6F60093FE3D /* Debug */ = {
			isa = XCBuildConfiguration;
			buildSettings = {
				ALWAYS_SEARCH_USER_PATHS = NO;
				CLANG_ANALYZER_NONNULL = YES;
				CLANG_ANALYZER_NUMBER_OBJECT_CONVERSION = YES_AGGRESSIVE;
				CLANG_CXX_LANGUAGE_STANDARD = "gnu++0x";
				CLANG_CXX_LIBRARY = "libc++";
				CLANG_ENABLE_MODULES = YES;
				CLANG_ENABLE_OBJC_ARC = YES;
				CLANG_WARN_BOOL_CONVERSION = YES;
				CLANG_WARN_CONSTANT_CONVERSION = YES;
				CLANG_WARN_DIRECT_OBJC_ISA_USAGE = YES_ERROR;
				CLANG_WARN_DOCUMENTATION_COMMENTS = YES;
				CLANG_WARN_EMPTY_BODY = YES;
				CLANG_WARN_ENUM_CONVERSION = YES;
				CLANG_WARN_INFINITE_RECURSION = YES;
				CLANG_WARN_INT_CONVERSION = YES;
				CLANG_WARN_OBJC_ROOT_CLASS = YES_ERROR;
				CLANG_WARN_SUSPICIOUS_MOVE = YES;
				CLANG_WARN_UNREACHABLE_CODE = YES;
				CLANG_WARN__DUPLICATE_METHOD_MATCH = YES;
				"CODE_SIGN_IDENTITY[sdk=iphoneos*]" = "iPhone Developer";
				COPY_PHASE_STRIP = NO;
				DEBUG_INFORMATION_FORMAT = dwarf;
				ENABLE_STRICT_OBJC_MSGSEND = YES;
				ENABLE_TESTABILITY = YES;
				GCC_C_LANGUAGE_STANDARD = gnu99;
				GCC_DYNAMIC_NO_PIC = NO;
				GCC_NO_COMMON_BLOCKS = YES;
				GCC_OPTIMIZATION_LEVEL = 0;
				GCC_PREPROCESSOR_DEFINITIONS = (
					"DEBUG=1",
					"$(inherited)",
				);
				GCC_WARN_64_TO_32_BIT_CONVERSION = YES;
				GCC_WARN_ABOUT_RETURN_TYPE = YES_ERROR;
				GCC_WARN_UNDECLARED_SELECTOR = YES;
				GCC_WARN_UNINITIALIZED_AUTOS = YES_AGGRESSIVE;
				GCC_WARN_UNUSED_FUNCTION = YES;
				GCC_WARN_UNUSED_VARIABLE = YES;
				IPHONEOS_DEPLOYMENT_TARGET = 10.3;
				MTL_ENABLE_DEBUG_INFO = YES;
				ONLY_ACTIVE_ARCH = YES;
				SDKROOT = iphoneos;
				SWIFT_ACTIVE_COMPILATION_CONDITIONS = DEBUG;
				SWIFT_OPTIMIZATION_LEVEL = "-Onone";
				TARGETED_DEVICE_FAMILY = "1,2";
			};
			name = Debug;
		};
		EEB76B1B1F1AA6F60093FE3D /* Release */ = {
			isa = XCBuildConfiguration;
			buildSettings = {
				ALWAYS_SEARCH_USER_PATHS = NO;
				CLANG_ANALYZER_NONNULL = YES;
				CLANG_ANALYZER_NUMBER_OBJECT_CONVERSION = YES_AGGRESSIVE;
				CLANG_CXX_LANGUAGE_STANDARD = "gnu++0x";
				CLANG_CXX_LIBRARY = "libc++";
				CLANG_ENABLE_MODULES = YES;
				CLANG_ENABLE_OBJC_ARC = YES;
				CLANG_WARN_BOOL_CONVERSION = YES;
				CLANG_WARN_CONSTANT_CONVERSION = YES;
				CLANG_WARN_DIRECT_OBJC_ISA_USAGE = YES_ERROR;
				CLANG_WARN_DOCUMENTATION_COMMENTS = YES;
				CLANG_WARN_EMPTY_BODY = YES;
				CLANG_WARN_ENUM_CONVERSION = YES;
				CLANG_WARN_INFINITE_RECURSION = YES;
				CLANG_WARN_INT_CONVERSION = YES;
				CLANG_WARN_OBJC_ROOT_CLASS = YES_ERROR;
				CLANG_WARN_SUSPICIOUS_MOVE = YES;
				CLANG_WARN_UNREACHABLE_CODE = YES;
				CLANG_WARN__DUPLICATE_METHOD_MATCH = YES;
				"CODE_SIGN_IDENTITY[sdk=iphoneos*]" = "iPhone Developer";
				COPY_PHASE_STRIP = NO;
				DEBUG_INFORMATION_FORMAT = "dwarf-with-dsym";
				ENABLE_NS_ASSERTIONS = NO;
				ENABLE_STRICT_OBJC_MSGSEND = YES;
				GCC_C_LANGUAGE_STANDARD = gnu99;
				GCC_NO_COMMON_BLOCKS = YES;
				GCC_WARN_64_TO_32_BIT_CONVERSION = YES;
				GCC_WARN_ABOUT_RETURN_TYPE = YES_ERROR;
				GCC_WARN_UNDECLARED_SELECTOR = YES;
				GCC_WARN_UNINITIALIZED_AUTOS = YES_AGGRESSIVE;
				GCC_WARN_UNUSED_FUNCTION = YES;
				GCC_WARN_UNUSED_VARIABLE = YES;
				IPHONEOS_DEPLOYMENT_TARGET = 10.3;
				MTL_ENABLE_DEBUG_INFO = NO;
				SDKROOT = iphoneos;
				SWIFT_OPTIMIZATION_LEVEL = "-Owholemodule";
				TARGETED_DEVICE_FAMILY = "1,2";
				VALIDATE_PRODUCT = YES;
			};
			name = Release;
		};
		EEB76B1D1F1AA6F60093FE3D /* Debug */ = {
			isa = XCBuildConfiguration;
			baseConfigurationReference = 442230F2BED9ADBCE7736766 /* Pods-firebase-sort-data.debug.xcconfig */;
			buildSettings = {
				ASSETCATALOG_COMPILER_APPICON_NAME = AppIcon;
				DEVELOPMENT_TEAM = J5P95JSAVD;
				INFOPLIST_FILE = "firebase-sort-data/Info.plist";
				LD_RUNPATH_SEARCH_PATHS = "$(inherited) @executable_path/Frameworks";
				PRODUCT_BUNDLE_IDENTIFIER = "com.matthewtripodi.firebase-sort-data";
				PRODUCT_NAME = "$(TARGET_NAME)";
				SWIFT_VERSION = 3.0;
			};
			name = Debug;
		};
		EEB76B1E1F1AA6F60093FE3D /* Release */ = {
			isa = XCBuildConfiguration;
			baseConfigurationReference = EA81BF7D93FCB11BD49AA1A3 /* Pods-firebase-sort-data.release.xcconfig */;
			buildSettings = {
				ASSETCATALOG_COMPILER_APPICON_NAME = AppIcon;
				DEVELOPMENT_TEAM = J5P95JSAVD;
				INFOPLIST_FILE = "firebase-sort-data/Info.plist";
				LD_RUNPATH_SEARCH_PATHS = "$(inherited) @executable_path/Frameworks";
				PRODUCT_BUNDLE_IDENTIFIER = "com.matthewtripodi.firebase-sort-data";
				PRODUCT_NAME = "$(TARGET_NAME)";
				SWIFT_VERSION = 3.0;
			};
			name = Release;
		};
/* End XCBuildConfiguration section */

/* Begin XCConfigurationList section */
		EEB76B051F1AA6F50093FE3D /* Build configuration list for PBXProject "firebase-sort-data" */ = {
			isa = XCConfigurationList;
			buildConfigurations = (
				EEB76B1A1F1AA6F60093FE3D /* Debug */,
				EEB76B1B1F1AA6F60093FE3D /* Release */,
			);
			defaultConfigurationIsVisible = 0;
			defaultConfigurationName = Release;
		};
		EEB76B1C1F1AA6F60093FE3D /* Build configuration list for PBXNativeTarget "firebase-sort-data" */ = {
			isa = XCConfigurationList;
			buildConfigurations = (
				EEB76B1D1F1AA6F60093FE3D /* Debug */,
				EEB76B1E1F1AA6F60093FE3D /* Release */,
			);
			defaultConfigurationIsVisible = 0;
		};
/* End XCConfigurationList section */
	};
	rootObject = EEB76B021F1AA6F50093FE3D /* Project object */;
}
